PODS:
  - iCarousel (1.8.3)
  - InsiderMobile (10.5.0)
  - InsiderMobileAdvancedNotification (1.0.5):
    - iCarousel

DEPENDENCIES:
  - InsiderMobile (= 10.5.0)
  - InsiderMobileAdvancedNotification

SPEC REPOS:
  trunk:
    - iCarousel
    - InsiderMobile
    - InsiderMobileAdvancedNotification

SPEC CHECKSUMS:
  iCarousel: d782f635afac190c49bb8ee455882284cff8b85f
  InsiderMobile: 22143df806f21210eb7d2e1ab5e57a6db8058463
  InsiderMobileAdvancedNotification: be6a46e1ee3fde9a0b20848d6efa35b929f85b7a

PODFILE CHECKSUM: c03b4bc78c4cc67d846236d517e80a18bfa201a5

COCOAPODS: 1.9.3
