PODS:
  - iCarousel (1.8.3)
  - InsiderMobile (10.3.0)
  - InsiderMobileAdvancedNotification (1.0.5):
    - iCarousel

DEPENDENCIES:
  - InsiderMobile (= 10.3.0)
  - InsiderMobileAdvancedNotification

SPEC REPOS:
  trunk:
    - iCarousel
    - InsiderMobile
    - InsiderMobileAdvancedNotification

SPEC CHECKSUMS:
  iCarousel: d782f635afac190c49bb8ee455882284cff8b85f
  InsiderMobile: b44addf8fc71ea22dbafb9a63465ef207520fe9f
  InsiderMobileAdvancedNotification: be6a46e1ee3fde9a0b20848d6efa35b929f85b7a

PODFILE CHECKSUM: 747c7e1e27ab70d806d17d87387827296831a053

COCOAPODS: 1.9.3
